
Microsoft Visual Studio Solution File, Format Version 12.00
# Visual Studio Version 17
VisualStudioVersion = 17.11.35222.181
MinimumVisualStudioVersion = 10.0.40219.1
Project("{9A19103F-16F7-4668-BE54-9A1E7A4F7556}") = "DNS Changer", "DNS Changer\DNS Changer.csproj", "{6F01AF61-C970-40DB-B75B-BD0D49F3DC6E}"
EndProject
Project("{2150E333-8FDC-42A3-9474-1A3956D46DE8}") = "Solution Items", "Solution Items", "{242537AC-0FA0-49CD-8069-1F0B080EB320}"
	ProjectSection(SolutionItems) = preProject
		..\..\..\Desktop\dns icon.ico = ..\..\..\Desktop\dns icon.ico
	EndProjectSection
EndProject
Project("{54435603-DBB4-11D2-8724-00A0C9A8B90C}") = "Setup DNS Changer", "Setup DNS Changer\Setup DNS Changer.vdproj", "{E457359B-2454-403A-BAF8-EAE6D92778B5}"
EndProject
Global
	GlobalSection(SolutionConfigurationPlatforms) = preSolution
		Debug|Any CPU = Debug|Any CPU
		Release|Any CPU = Release|Any CPU
	EndGlobalSection
	GlobalSection(ProjectConfigurationPlatforms) = postSolution
		{6F01AF61-C970-40DB-B75B-BD0D49F3DC6E}.Debug|Any CPU.ActiveCfg = Debug|Any CPU
		{6F01AF61-C970-40DB-B75B-BD0D49F3DC6E}.Debug|Any CPU.Build.0 = Debug|Any CPU
		{6F01AF61-C970-40DB-B75B-BD0D49F3DC6E}.Release|Any CPU.ActiveCfg = Release|Any CPU
		{6F01AF61-C970-40DB-B75B-BD0D49F3DC6E}.Release|Any CPU.Build.0 = Release|Any CPU
		{E457359B-2454-403A-BAF8-EAE6D92778B5}.Debug|Any CPU.ActiveCfg = Debug
		{E457359B-2454-403A-BAF8-EAE6D92778B5}.Release|Any CPU.ActiveCfg = Release
	EndGlobalSection
	GlobalSection(SolutionProperties) = preSolution
		HideSolutionNode = FALSE
	EndGlobalSection
	GlobalSection(ExtensibilityGlobals) = postSolution
		SolutionGuid = {C464FA0F-8F7C-4DDF-9400-C14D6FA154E4}
	EndGlobalSection
EndGlobal
